
Microsoft Visual Studio Solution File, Format Version 12.00
# Visual Studio Version 16
VisualStudioVersion = 16.0.30611.23
MinimumVisualStudioVersion = 10.0.40219.1
Project("{FAE04EC0-301F-11D3-BF4B-00C04F79EFBC}") = "Random Siralama", "Random Siralama\Random Siralama.csproj", "{3EB2E5DF-F6B3-4192-BCAC-4F98F94653B6}"
EndProject
Global
	GlobalSection(SolutionConfigurationPlatforms) = preSolution
		Debug|Any CPU = Debug|Any CPU
		Release|Any CPU = Release|Any CPU
	EndGlobalSection
	GlobalSection(ProjectConfigurationPlatforms) = postSolution
		{3EB2E5DF-F6B3-4192-BCAC-4F98F94653B6}.Debug|Any CPU.ActiveCfg = Debug|Any CPU
		{3EB2E5DF-F6B3-4192-BCAC-4F98F94653B6}.Debug|Any CPU.Build.0 = Debug|Any CPU
		{3EB2E5DF-F6B3-4192-BCAC-4F98F94653B6}.Release|Any CPU.ActiveCfg = Release|Any CPU
		{3EB2E5DF-F6B3-4192-BCAC-4F98F94653B6}.Release|Any CPU.Build.0 = Release|Any CPU
	EndGlobalSection
	GlobalSection(SolutionProperties) = preSolution
		HideSolutionNode = FALSE
	EndGlobalSection
	GlobalSection(ExtensibilityGlobals) = postSolution
		SolutionGuid = {1787CD8E-C94E-40E8-992E-DC1B14869C1F}
	EndGlobalSection
EndGlobal
