
Microsoft Visual Studio Solution File, Format Version 12.00
# Visual Studio Version 16
VisualStudioVersion = 16.0.30611.23
MinimumVisualStudioVersion = 10.0.40219.1
Project("{FAE04EC0-301F-11D3-BF4B-00C04F79EFBC}") = "Mukemmel Sayi", "Mukemmel Sayi\Mukemmel Sayi.csproj", "{A19C3867-1D64-4176-AA52-119E83F34ADC}"
EndProject
Global
	GlobalSection(SolutionConfigurationPlatforms) = preSolution
		Debug|Any CPU = Debug|Any CPU
		Release|Any CPU = Release|Any CPU
	EndGlobalSection
	GlobalSection(ProjectConfigurationPlatforms) = postSolution
		{A19C3867-1D64-4176-AA52-119E83F34ADC}.Debug|Any CPU.ActiveCfg = Debug|Any CPU
		{A19C3867-1D64-4176-AA52-119E83F34ADC}.Debug|Any CPU.Build.0 = Debug|Any CPU
		{A19C3867-1D64-4176-AA52-119E83F34ADC}.Release|Any CPU.ActiveCfg = Release|Any CPU
		{A19C3867-1D64-4176-AA52-119E83F34ADC}.Release|Any CPU.Build.0 = Release|Any CPU
	EndGlobalSection
	GlobalSection(SolutionProperties) = preSolution
		HideSolutionNode = FALSE
	EndGlobalSection
	GlobalSection(ExtensibilityGlobals) = postSolution
		SolutionGuid = {4C2406AA-88A5-4955-B7DC-1E91C51F1169}
	EndGlobalSection
EndGlobal
